
Microsoft Visual Studio Solution File, Format Version 12.00
# Visual Studio Version 17
VisualStudioVersion = 17.10.34916.146
MinimumVisualStudioVersion = 10.0.40219.1
Project("{FAE04EC0-301F-11D3-BF4B-00C04F79EFBC}") = "Ejercicio 5", "Ejercicio 5.csproj", "{98DF1444-5F2C-4107-BACE-921754145C0D}"
EndProject
Global
	GlobalSection(SolutionConfigurationPlatforms) = preSolution
		Debug|Any CPU = Debug|Any CPU
		Release|Any CPU = Release|Any CPU
	EndGlobalSection
	GlobalSection(ProjectConfigurationPlatforms) = postSolution
		{98DF1444-5F2C-4107-BACE-921754145C0D}.Debug|Any CPU.ActiveCfg = Debug|Any CPU
		{98DF1444-5F2C-4107-BACE-921754145C0D}.Debug|Any CPU.Build.0 = Debug|Any CPU
		{98DF1444-5F2C-4107-BACE-921754145C0D}.Release|Any CPU.ActiveCfg = Release|Any CPU
		{98DF1444-5F2C-4107-BACE-921754145C0D}.Release|Any CPU.Build.0 = Release|Any CPU
	EndGlobalSection
	GlobalSection(SolutionProperties) = preSolution
		HideSolutionNode = FALSE
	EndGlobalSection
	GlobalSection(ExtensibilityGlobals) = postSolution
		SolutionGuid = {07F3D406-030E-491A-905D-247160365D4E}
	EndGlobalSection
EndGlobal
